
Microsoft Visual Studio Solution File, Format Version 12.00
# Visual Studio Version 16
VisualStudioVersion = 16.0.30320.27
MinimumVisualStudioVersion = 10.0.40219.1
Project("{FAE04EC0-301F-11D3-BF4B-00C04F79EFBC}") = "AdventOfCode2020", "AdventOfCode2020\AdventOfCode2020.csproj", "{08F5E8EE-22E7-45EA-83E4-83489326FF22}"
EndProject
Global
	GlobalSection(SolutionConfigurationPlatforms) = preSolution
		Debug|Any CPU = Debug|Any CPU
		Release|Any CPU = Release|Any CPU
	EndGlobalSection
	GlobalSection(ProjectConfigurationPlatforms) = postSolution
		{08F5E8EE-22E7-45EA-83E4-83489326FF22}.Debug|Any CPU.ActiveCfg = Debug|Any CPU
		{08F5E8EE-22E7-45EA-83E4-83489326FF22}.Debug|Any CPU.Build.0 = Debug|Any CPU
		{08F5E8EE-22E7-45EA-83E4-83489326FF22}.Release|Any CPU.ActiveCfg = Release|Any CPU
		{08F5E8EE-22E7-45EA-83E4-83489326FF22}.Release|Any CPU.Build.0 = Release|Any CPU
	EndGlobalSection
	GlobalSection(SolutionProperties) = preSolution
		HideSolutionNode = FALSE
	EndGlobalSection
	GlobalSection(ExtensibilityGlobals) = postSolution
		SolutionGuid = {775E2E18-13DF-4782-8805-85F04EAAE2FB}
	EndGlobalSection
EndGlobal
